import { motion } from 'motion/react';
import { ShoppingCart, Repeat, Wrench, Package, GraduationCap, Coins, Palette, ChevronRight } from 'lucide-react';

export default function Services() {
  const service7S = [
    { icon: ShoppingCart, title: '销售 (Sales)', detail: '全品类水陆空智能装备直销，100+款精选产品。' },
    { icon: Repeat, title: '租赁 (Lease)', detail: '设备长期租赁与托管运营，降低企业重资产压力。' },
    { icon: Wrench, title: '维修服务 (Maintenance)', detail: '专业售后维修、定期设备保养、精准故障排查。' },
    { icon: Package, title: '零配件 (Spare Parts)', detail: '原厂配件供应与优质耗材销售。' },
    { icon: GraduationCap, title: '培训 (Training)', detail: '操作技能认证、青少年科普、职业技能提升。' },
    { icon: Coins, title: '金融 (Finance)', detail: '灵活的设备分期、保险方案与融资租赁服务。' },
    { icon: Palette, title: '定制 (Customization)', detail: '深度场景化定制解决方案与设备专业改装。' },
  ];

  return (
    <div className="bg-black pt-40 pb-20 min-h-screen">
      <div className="container mx-auto px-8">
        <motion.div
           initial={{ opacity: 0, y: 30 }}
           animate={{ opacity: 1, y: 0 }}
           className="max-w-4xl mb-32"
        >
          <span className="text-brand-400 uppercase tracking-[0.4em] text-sm mb-6 block">Business Service Ecosystem</span>
          <h1 className="text-6xl lg:text-9xl font-black uppercase tracking-tighter mb-12">
            7S <br /><span className="text-white/20">科技馆</span>
          </h1>
          <p className="text-xl lg:text-3xl font-light opacity-50 leading-relaxed">
            玉树智维倾力打造的 7S 服务体系，涵盖智能装备全生命周期的每一个关键环节。
          </p>
        </motion.div>

        <div className="grid grid-cols-1 md:grid-cols-2 lg:grid-cols-3 gap-1px bg-white/10 border border-white/10 rounded-[3rem] overflow-hidden">
          {service7S.map((item, i) => (
            <motion.div
              key={i}
              initial={{ opacity: 0 }}
              whileInView={{ opacity: 1 }}
              viewport={{ once: true }}
              transition={{ delay: i * 0.1 }}
              className="bg-black p-12 hover:bg-zinc-900 transition-colors group relative"
            >
              <div className="text-brand-400 mb-8 group-hover:scale-110 transition-transform origin-left">
                <item.icon size={48} strokeWidth={1} />
              </div>
              <h3 className="text-2xl font-bold mb-4 uppercase tracking-tight">{item.title}</h3>
              <p className="text-sm font-light opacity-50 leading-relaxed mb-8">
                {item.detail}
              </p>
              <div className="absolute bottom-8 right-8 opacity-0 group-hover:opacity-100 transition-opacity">
                 <ChevronRight className="text-brand-400" />
              </div>
            </motion.div>
          ))}
          <div className="bg-brand-600 p-12 flex flex-col justify-between">
             <h3 className="text-3xl font-black uppercase tracking-tighter">渠道客户<br />合作请洽</h3>
             <ul className="text-xs uppercase tracking-widest font-bold opacity-80 space-y-2">
                <li>• 驻深办事处 / 联络办</li>
                <li>• 商会 / 协会组织</li>
                <li>• 个体创业者</li>
                <li>• 行业应用场景人员</li>
             </ul>
          </div>
        </div>
      </div>
    </div>
  );
}
